{
    "_readme": [
        "This file locks the dependencies of your project to a known state",
        "Read more about it at https://getcomposer.org/doc/01-basic-usage.md#composer-lock-the-lock-file",
        "This file is @generated automatically"
    ],
    "content-hash": "58da06bac319576305e62f7e444e5bba",
    "packages": [
        {
            "name": "knut7/framework",
            "version": "dev-master",
            "source": {
                "type": "git",
                "url": "https://github.com/knut7/framework.git",
                "reference": "95048f6ff27a304e2a1da75b1ce8dc8239115867"
            },
            "dist": {
                "type": "zip",
                "url": "https://api.github.com/repos/knut7/framework/zipball/95048f6ff27a304e2a1da75b1ce8dc8239115867",
                "reference": "95048f6ff27a304e2a1da75b1ce8dc8239115867",
                "shasum": ""
            },
            "require": {
                "php": ">=7.0.0"
            },
            "require-dev": {
                "phpunit/phpunit": "^6.3@dev"
            },
            "type": "library",
            "autoload": {
                "psr-4": {
                    "FWAP\\": "src/FWAP"
                }
            },
            "notification-url": "https://packagist.org/downloads/",
            "license": [
                "MIT"
            ],
            "authors": [
                {
                    "name": "Marcio Zebede",
                    "email": "marciozebedeu@gmail.com",
                    "homepage": "http://artphoweb.com",
                    "role": "Developer"
                }
            ],
            "description": "Min framwork em mvc para PHP 7.0.0 ou superior",
            "homepage": "https://github.com/Knut7/framework",
            "keywords": [
                "framwork",
                "mvc"
            ],
            "time": "2017-08-26 13:33:23"
        }
    ],
    "packages-dev": [],
    "aliases": [],
    "minimum-stability": "stable",
    "stability-flags": {
        "knut7/framework": 20
    },
    "prefer-stable": false,
    "prefer-lowest": false,
    "platform": {
        "php": ">=7.0.0"
    },
    "platform-dev": []
}
